
Microsoft Visual Studio Solution File, Format Version 12.00
# Visual Studio Version 17
VisualStudioVersion = 17.9.34728.123
MinimumVisualStudioVersion = 10.0.40219.1
Project("{FAE04EC0-301F-11D3-BF4B-00C04F79EFBC}") = "D and D dice rolls", "D and D dice rolls\D and D dice rolls.csproj", "{8C95FDE7-0CD4-4D2C-8905-E59D4327A1AA}"
EndProject
Global
	GlobalSection(SolutionConfigurationPlatforms) = preSolution
		Debug|Any CPU = Debug|Any CPU
		Release|Any CPU = Release|Any CPU
	EndGlobalSection
	GlobalSection(ProjectConfigurationPlatforms) = postSolution
		{8C95FDE7-0CD4-4D2C-8905-E59D4327A1AA}.Debug|Any CPU.ActiveCfg = Debug|Any CPU
		{8C95FDE7-0CD4-4D2C-8905-E59D4327A1AA}.Debug|Any CPU.Build.0 = Debug|Any CPU
		{8C95FDE7-0CD4-4D2C-8905-E59D4327A1AA}.Release|Any CPU.ActiveCfg = Release|Any CPU
		{8C95FDE7-0CD4-4D2C-8905-E59D4327A1AA}.Release|Any CPU.Build.0 = Release|Any CPU
	EndGlobalSection
	GlobalSection(SolutionProperties) = preSolution
		HideSolutionNode = FALSE
	EndGlobalSection
	GlobalSection(ExtensibilityGlobals) = postSolution
		SolutionGuid = {FDC0F45B-9E5C-4941-9B22-A7747F9FD4BB}
	EndGlobalSection
EndGlobal
